// !$*UTF8*$!
{
	archiveVersion = 1;
	classes = {
	};
	objectVersion = 50;
	objects = {

/* Begin PBXBuildFile section */
		3A9AC7EA207F3C6100CFAE6E /* main.cpp in Sources */ = {isa = PBXBuildFile; fileRef = 3A9AC7E9207F3C6100CFAE6E /* main.cpp */; };
		3A9AC7F6207F3D6800CFAE6E /* libopencv_core.3.4.1.dylib in Frameworks */ = {isa = PBXBuildFile; fileRef = 3A9AC7F3207F3D6800CFAE6E /* libopencv_core.3.4.1.dylib */; };
		3A9AC7F7207F3D6800CFAE6E /* libopencv_highgui.3.4.1.dylib in Frameworks */ = {isa = PBXBuildFile; fileRef = 3A9AC7F4207F3D6800CFAE6E /* libopencv_highgui.3.4.1.dylib */; };
		3A9AC7F8207F3D6800CFAE6E /* libopencv_imgcodecs.3.4.1.dylib in Frameworks */ = {isa = PBXBuildFile; fileRef = 3A9AC7F5207F3D6800CFAE6E /* libopencv_imgcodecs.3.4.1.dylib */; };
		3A9AC7FA207F3E4100CFAE6E /* libopencv_tracking.3.4.1.dylib in Frameworks */ = {isa = PBXBuildFile; fileRef = 3A9AC7F9207F3E4100CFAE6E /* libopencv_tracking.3.4.1.dylib */; };
		3A9AC817207F7C3100CFAE6E /* OpenCL.framework in Frameworks */ = {isa = PBXBuildFile; fileRef = 3A9AC816207F7C3100CFAE6E /* OpenCL.framework */; };
/* End PBXBuildFile section */

/* Begin PBXCopyFilesBuildPhase section */
		3A9AC7E4207F3C6100CFAE6E /* CopyFiles */ = {
			isa = PBXCopyFilesBuildPhase;
			buildActionMask = 2147483647;
			dstPath = /usr/share/man/man1/;
			dstSubfolderSpec = 0;
			files = (
			);
			runOnlyForDeploymentPostprocessing = 1;
		};
/* End PBXCopyFilesBuildPhase section */

/* Begin PBXFileReference section */
		3A9AC7E6207F3C6100CFAE6E /* testCV */ = {isa = PBXFileReference; explicitFileType = "compiled.mach-o.executable"; includeInIndex = 0; path = testCV; sourceTree = BUILT_PRODUCTS_DIR; };
		3A9AC7E9207F3C6100CFAE6E /* main.cpp */ = {isa = PBXFileReference; lastKnownFileType = sourcecode.cpp.cpp; path = main.cpp; sourceTree = "<group>"; };
		3A9AC7F1207F3CED00CFAE6E /* opencv2 */ = {isa = PBXFileReference; lastKnownFileType = folder; name = opencv2; path = ../../../../../../usr/local/Cellar/opencv/3.4.1_2/include/opencv2; sourceTree = "<group>"; };
		3A9AC7F3207F3D6800CFAE6E /* libopencv_core.3.4.1.dylib */ = {isa = PBXFileReference; lastKnownFileType = "compiled.mach-o.dylib"; name = libopencv_core.3.4.1.dylib; path = ../../../../../../usr/local/Cellar/opencv/3.4.1_2/lib/libopencv_core.3.4.1.dylib; sourceTree = "<group>"; };
		3A9AC7F4207F3D6800CFAE6E /* libopencv_highgui.3.4.1.dylib */ = {isa = PBXFileReference; lastKnownFileType = "compiled.mach-o.dylib"; name = libopencv_highgui.3.4.1.dylib; path = ../../../../../../usr/local/Cellar/opencv/3.4.1_2/lib/libopencv_highgui.3.4.1.dylib; sourceTree = "<group>"; };
		3A9AC7F5207F3D6800CFAE6E /* libopencv_imgcodecs.3.4.1.dylib */ = {isa = PBXFileReference; lastKnownFileType = "compiled.mach-o.dylib"; name = libopencv_imgcodecs.3.4.1.dylib; path = ../../../../../../usr/local/Cellar/opencv/3.4.1_2/lib/libopencv_imgcodecs.3.4.1.dylib; sourceTree = "<group>"; };
		3A9AC7F9207F3E4100CFAE6E /* libopencv_tracking.3.4.1.dylib */ = {isa = PBXFileReference; lastKnownFileType = "compiled.mach-o.dylib"; name = libopencv_tracking.3.4.1.dylib; path = ../../../../../../usr/local/Cellar/opencv/3.4.1_2/lib/libopencv_tracking.3.4.1.dylib; sourceTree = "<group>"; };
		3A9AC7FB207F4C8400CFAE6E /* rr.jpg */ = {isa = PBXFileReference; lastKnownFileType = image.jpeg; path = rr.jpg; sourceTree = "<group>"; };
		3A9AC816207F7C3100CFAE6E /* OpenCL.framework */ = {isa = PBXFileReference; lastKnownFileType = wrapper.framework; name = OpenCL.framework; path = System/Library/Frameworks/OpenCL.framework; sourceTree = SDKROOT; };
/* End PBXFileReference section */

/* Begin PBXFrameworksBuildPhase section */
		3A9AC7E3207F3C6100CFAE6E /* Frameworks */ = {
			isa = PBXFrameworksBuildPhase;
			buildActionMask = 2147483647;
			files = (
				3A9AC817207F7C3100CFAE6E /* OpenCL.framework in Frameworks */,
				3A9AC7FA207F3E4100CFAE6E /* libopencv_tracking.3.4.1.dylib in Frameworks */,
				3A9AC7F6207F3D6800CFAE6E /* libopencv_core.3.4.1.dylib in Frameworks */,
				3A9AC7F7207F3D6800CFAE6E /* libopencv_highgui.3.4.1.dylib in Frameworks */,
				3A9AC7F8207F3D6800CFAE6E /* libopencv_imgcodecs.3.4.1.dylib in Frameworks */,
			);
			runOnlyForDeploymentPostprocessing = 0;
		};
/* End PBXFrameworksBuildPhase section */

/* Begin PBXGroup section */
		3A9AC7DD207F3C6100CFAE6E = {
			isa = PBXGroup;
			children = (
				3A9AC7E8207F3C6100CFAE6E /* testCV */,
				3A9AC7E7207F3C6100CFAE6E /* Products */,
				3A9AC7F0207F3CED00CFAE6E /* Frameworks */,
			);
			sourceTree = "<group>";
		};
		3A9AC7E7207F3C6100CFAE6E /* Products */ = {
			isa = PBXGroup;
			children = (
				3A9AC7E6207F3C6100CFAE6E /* testCV */,
			);
			name = Products;
			sourceTree = "<group>";
		};
		3A9AC7E8207F3C6100CFAE6E /* testCV */ = {
			isa = PBXGroup;
			children = (
				3A9AC7FB207F4C8400CFAE6E /* rr.jpg */,
				3A9AC7E9207F3C6100CFAE6E /* main.cpp */,
			);
			path = testCV;
			sourceTree = "<group>";
		};
		3A9AC7F0207F3CED00CFAE6E /* Frameworks */ = {
			isa = PBXGroup;
			children = (
				3A9AC816207F7C3100CFAE6E /* OpenCL.framework */,
				3A9AC7F9207F3E4100CFAE6E /* libopencv_tracking.3.4.1.dylib */,
				3A9AC7F3207F3D6800CFAE6E /* libopencv_core.3.4.1.dylib */,
				3A9AC7F4207F3D6800CFAE6E /* libopencv_highgui.3.4.1.dylib */,
				3A9AC7F5207F3D6800CFAE6E /* libopencv_imgcodecs.3.4.1.dylib */,
				3A9AC7F1207F3CED00CFAE6E /* opencv2 */,
			);
			name = Frameworks;
			sourceTree = "<group>";
		};
/* End PBXGroup section */

/* Begin PBXNativeTarget section */
		3A9AC7E5207F3C6100CFAE6E /* testCV */ = {
			isa = PBXNativeTarget;
			buildConfigurationList = 3A9AC7ED207F3C6100CFAE6E /* Build configuration list for PBXNativeTarget "testCV" */;
			buildPhases = (
				3A9AC7E2207F3C6100CFAE6E /* Sources */,
				3A9AC7E3207F3C6100CFAE6E /* Frameworks */,
				3A9AC7E4207F3C6100CFAE6E /* CopyFiles */,
			);
			buildRules = (
			);
			dependencies = (
			);
			name = testCV;
			productName = testCV;
			productReference = 3A9AC7E6207F3C6100CFAE6E /* testCV */;
			productType = "com.apple.product-type.tool";
		};
/* End PBXNativeTarget section */

/* Begin PBXProject section */
		3A9AC7DE207F3C6100CFAE6E /* Project object */ = {
			isa = PBXProject;
			attributes = {
				LastUpgradeCheck = 0930;
				ORGANIZATIONNAME = "Anton Volkov";
				TargetAttributes = {
					3A9AC7E5207F3C6100CFAE6E = {
						CreatedOnToolsVersion = 9.3;
					};
				};
			};
			buildConfigurationList = 3A9AC7E1207F3C6100CFAE6E /* Build configuration list for PBXProject "testCV" */;
			compatibilityVersion = "Xcode 9.3";
			developmentRegion = en;
			hasScannedForEncodings = 0;
			knownRegions = (
				en,
			);
			mainGroup = 3A9AC7DD207F3C6100CFAE6E;
			productRefGroup = 3A9AC7E7207F3C6100CFAE6E /* Products */;
			projectDirPath = "";
			projectRoot = "";
			targets = (
				3A9AC7E5207F3C6100CFAE6E /* testCV */,
			);
		};
/* End PBXProject section */

/* Begin PBXSourcesBuildPhase section */
		3A9AC7E2207F3C6100CFAE6E /* Sources */ = {
			isa = PBXSourcesBuildPhase;
			buildActionMask = 2147483647;
			files = (
				3A9AC7EA207F3C6100CFAE6E /* main.cpp in Sources */,
			);
			runOnlyForDeploymentPostprocessing = 0;
		};
/* End PBXSourcesBuildPhase section */

/* Begin XCBuildConfiguration section */
		3A9AC7EB207F3C6100CFAE6E /* Debug */ = {
			isa = XCBuildConfiguration;
			buildSettings = {
				ALWAYS_SEARCH_USER_PATHS = NO;
				CLANG_ANALYZER_NONNULL = YES;
				CLANG_ANALYZER_NUMBER_OBJECT_CONVERSION = YES_AGGRESSIVE;
				CLANG_CXX_LANGUAGE_STANDARD = "gnu++14";
				CLANG_CXX_LIBRARY = "libc++";
				CLANG_ENABLE_MODULES = YES;
				CLANG_ENABLE_OBJC_ARC = YES;
				CLANG_ENABLE_OBJC_WEAK = YES;
				CLANG_WARN_BLOCK_CAPTURE_AUTORELEASING = YES;
				CLANG_WARN_BOOL_CONVERSION = YES;
				CLANG_WARN_COMMA = YES;
				CLANG_WARN_CONSTANT_CONVERSION = YES;
				CLANG_WARN_DEPRECATED_OBJC_IMPLEMENTATIONS = YES;
				CLANG_WARN_DIRECT_OBJC_ISA_USAGE = YES_ERROR;
				CLANG_WARN_DOCUMENTATION_COMMENTS = YES;
				CLANG_WARN_EMPTY_BODY = YES;
				CLANG_WARN_ENUM_CONVERSION = YES;
				CLANG_WARN_INFINITE_RECURSION = YES;
				CLANG_WARN_INT_CONVERSION = YES;
				CLANG_WARN_NON_LITERAL_NULL_CONVERSION = YES;
				CLANG_WARN_OBJC_IMPLICIT_RETAIN_SELF = YES;
				CLANG_WARN_OBJC_LITERAL_CONVERSION = YES;
				CLANG_WARN_OBJC_ROOT_CLASS = YES_ERROR;
				CLANG_WARN_RANGE_LOOP_ANALYSIS = YES;
				CLANG_WARN_STRICT_PROTOTYPES = YES;
				CLANG_WARN_SUSPICIOUS_MOVE = YES;
				CLANG_WARN_UNGUARDED_AVAILABILITY = YES_AGGRESSIVE;
				CLANG_WARN_UNREACHABLE_CODE = YES;
				CLANG_WARN__DUPLICATE_METHOD_MATCH = YES;
				CODE_SIGN_IDENTITY = "-";
				COPY_PHASE_STRIP = NO;
				DEBUG_INFORMATION_FORMAT = dwarf;
				ENABLE_STRICT_OBJC_MSGSEND = YES;
				ENABLE_TESTABILITY = YES;
				GCC_C_LANGUAGE_STANDARD = gnu11;
				GCC_DYNAMIC_NO_PIC = NO;
				GCC_NO_COMMON_BLOCKS = YES;
				GCC_OPTIMIZATION_LEVEL = 0;
				GCC_PREPROCESSOR_DEFINITIONS = (
					"DEBUG=1",
					"$(inherited)",
				);
				GCC_WARN_64_TO_32_BIT_CONVERSION = YES;
				GCC_WARN_ABOUT_RETURN_TYPE = YES_ERROR;
				GCC_WARN_UNDECLARED_SELECTOR = YES;
				GCC_WARN_UNINITIALIZED_AUTOS = YES_AGGRESSIVE;
				GCC_WARN_UNUSED_FUNCTION = YES;
				GCC_WARN_UNUSED_VARIABLE = YES;
				MACOSX_DEPLOYMENT_TARGET = 10.13;
				MTL_ENABLE_DEBUG_INFO = YES;
				ONLY_ACTIVE_ARCH = YES;
				SDKROOT = macosx;
			};
			name = Debug;
		};
		3A9AC7EC207F3C6100CFAE6E /* Release */ = {
			isa = XCBuildConfiguration;
			buildSettings = {
				ALWAYS_SEARCH_USER_PATHS = NO;
				CLANG_ANALYZER_NONNULL = YES;
				CLANG_ANALYZER_NUMBER_OBJECT_CONVERSION = YES_AGGRESSIVE;
				CLANG_CXX_LANGUAGE_STANDARD = "gnu++14";
				CLANG_CXX_LIBRARY = "libc++";
				CLANG_ENABLE_MODULES = YES;
				CLANG_ENABLE_OBJC_ARC = YES;
				CLANG_ENABLE_OBJC_WEAK = YES;
				CLANG_WARN_BLOCK_CAPTURE_AUTORELEASING = YES;
				CLANG_WARN_BOOL_CONVERSION = YES;
				CLANG_WARN_COMMA = YES;
				CLANG_WARN_CONSTANT_CONVERSION = YES;
				CLANG_WARN_DEPRECATED_OBJC_IMPLEMENTATIONS = YES;
				CLANG_WARN_DIRECT_OBJC_ISA_USAGE = YES_ERROR;
				CLANG_WARN_DOCUMENTATION_COMMENTS = YES;
				CLANG_WARN_EMPTY_BODY = YES;
				CLANG_WARN_ENUM_CONVERSION = YES;
				CLANG_WARN_INFINITE_RECURSION = YES;
				CLANG_WARN_INT_CONVERSION = YES;
				CLANG_WARN_NON_LITERAL_NULL_CONVERSION = YES;
				CLANG_WARN_OBJC_IMPLICIT_RETAIN_SELF = YES;
				CLANG_WARN_OBJC_LITERAL_CONVERSION = YES;
				CLANG_WARN_OBJC_ROOT_CLASS = YES_ERROR;
				CLANG_WARN_RANGE_LOOP_ANALYSIS = YES;
				CLANG_WARN_STRICT_PROTOTYPES = YES;
				CLANG_WARN_SUSPICIOUS_MOVE = YES;
				CLANG_WARN_UNGUARDED_AVAILABILITY = YES_AGGRESSIVE;
				CLANG_WARN_UNREACHABLE_CODE = YES;
				CLANG_WARN__DUPLICATE_METHOD_MATCH = YES;
				CODE_SIGN_IDENTITY = "-";
				COPY_PHASE_STRIP = NO;
				DEBUG_INFORMATION_FORMAT = "dwarf-with-dsym";
				ENABLE_NS_ASSERTIONS = NO;
				ENABLE_STRICT_OBJC_MSGSEND = YES;
				GCC_C_LANGUAGE_STANDARD = gnu11;
				GCC_NO_COMMON_BLOCKS = YES;
				GCC_WARN_64_TO_32_BIT_CONVERSION = YES;
				GCC_WARN_ABOUT_RETURN_TYPE = YES_ERROR;
				GCC_WARN_UNDECLARED_SELECTOR = YES;
				GCC_WARN_UNINITIALIZED_AUTOS = YES_AGGRESSIVE;
				GCC_WARN_UNUSED_FUNCTION = YES;
				GCC_WARN_UNUSED_VARIABLE = YES;
				MACOSX_DEPLOYMENT_TARGET = 10.13;
				MTL_ENABLE_DEBUG_INFO = NO;
				SDKROOT = macosx;
			};
			name = Release;
		};
		3A9AC7EE207F3C6100CFAE6E /* Debug */ = {
			isa = XCBuildConfiguration;
			buildSettings = {
				CODE_SIGN_STYLE = Automatic;
				HEADER_SEARCH_PATHS = /usr/local/include;
				LIBRARY_SEARCH_PATHS = (
					"$(inherited)",
					/usr/local/Cellar/opencv/3.4.1_2/lib,
				);
				PRODUCT_NAME = "$(TARGET_NAME)";
			};
			name = Debug;
		};
		3A9AC7EF207F3C6100CFAE6E /* Release */ = {
			isa = XCBuildConfiguration;
			buildSettings = {
				CODE_SIGN_STYLE = Automatic;
				HEADER_SEARCH_PATHS = /usr/local/include;
				LIBRARY_SEARCH_PATHS = (
					"$(inherited)",
					/usr/local/Cellar/opencv/3.4.1_2/lib,
				);
				PRODUCT_NAME = "$(TARGET_NAME)";
			};
			name = Release;
		};
/* End XCBuildConfiguration section */

/* Begin XCConfigurationList section */
		3A9AC7E1207F3C6100CFAE6E /* Build configuration list for PBXProject "testCV" */ = {
			isa = XCConfigurationList;
			buildConfigurations = (
				3A9AC7EB207F3C6100CFAE6E /* Debug */,
				3A9AC7EC207F3C6100CFAE6E /* Release */,
			);
			defaultConfigurationIsVisible = 0;
			defaultConfigurationName = Release;
		};
		3A9AC7ED207F3C6100CFAE6E /* Build configuration list for PBXNativeTarget "testCV" */ = {
			isa = XCConfigurationList;
			buildConfigurations = (
				3A9AC7EE207F3C6100CFAE6E /* Debug */,
				3A9AC7EF207F3C6100CFAE6E /* Release */,
			);
			defaultConfigurationIsVisible = 0;
			defaultConfigurationName = Release;
		};
/* End XCConfigurationList section */
	};
	rootObject = 3A9AC7DE207F3C6100CFAE6E /* Project object */;
}
